
Microsoft Visual Studio Solution File, Format Version 12.00
# Visual Studio Version 16
VisualStudioVersion = 16.0.31515.178
MinimumVisualStudioVersion = 10.0.40219.1
Project("{FAE04EC0-301F-11D3-BF4B-00C04F79EFBC}") = "calculatorBasic", "calculatorBasic.csproj", "{EA255F19-03C7-4082-9D0B-339619FA75D6}"
EndProject
Global
	GlobalSection(SolutionConfigurationPlatforms) = preSolution
		Debug|Any CPU = Debug|Any CPU
		Release|Any CPU = Release|Any CPU
	EndGlobalSection
	GlobalSection(ProjectConfigurationPlatforms) = postSolution
		{EA255F19-03C7-4082-9D0B-339619FA75D6}.Debug|Any CPU.ActiveCfg = Debug|Any CPU
		{EA255F19-03C7-4082-9D0B-339619FA75D6}.Debug|Any CPU.Build.0 = Debug|Any CPU
		{EA255F19-03C7-4082-9D0B-339619FA75D6}.Release|Any CPU.ActiveCfg = Release|Any CPU
		{EA255F19-03C7-4082-9D0B-339619FA75D6}.Release|Any CPU.Build.0 = Release|Any CPU
	EndGlobalSection
	GlobalSection(SolutionProperties) = preSolution
		HideSolutionNode = FALSE
	EndGlobalSection
	GlobalSection(ExtensibilityGlobals) = postSolution
		SolutionGuid = {163C71C9-898E-419A-A85B-611BD545EE68}
	EndGlobalSection
EndGlobal
